
Microsoft Visual Studio Solution File, Format Version 12.00
# Visual Studio Version 17
VisualStudioVersion = 17.6.33829.357
MinimumVisualStudioVersion = 10.0.40219.1
Project("{8BC9CEB8-8B4A-11D0-8D11-00A0C91BC942}") = "smth_with_phisycs", "smth_with_phisycs\smth_with_phisycs.vcxproj", "{F0544085-5FC8-4278-9A0B-C3C588301138}"
EndProject
Global
	GlobalSection(SolutionConfigurationPlatforms) = preSolution
		Debug|x64 = Debug|x64
		Debug|x86 = Debug|x86
		Release|x64 = Release|x64
		Release|x86 = Release|x86
	EndGlobalSection
	GlobalSection(ProjectConfigurationPlatforms) = postSolution
		{F0544085-5FC8-4278-9A0B-C3C588301138}.Debug|x64.ActiveCfg = Debug|x64
		{F0544085-5FC8-4278-9A0B-C3C588301138}.Debug|x64.Build.0 = Debug|x64
		{F0544085-5FC8-4278-9A0B-C3C588301138}.Debug|x86.ActiveCfg = Debug|Win32
		{F0544085-5FC8-4278-9A0B-C3C588301138}.Debug|x86.Build.0 = Debug|Win32
		{F0544085-5FC8-4278-9A0B-C3C588301138}.Release|x64.ActiveCfg = Release|x64
		{F0544085-5FC8-4278-9A0B-C3C588301138}.Release|x64.Build.0 = Release|x64
		{F0544085-5FC8-4278-9A0B-C3C588301138}.Release|x86.ActiveCfg = Release|Win32
		{F0544085-5FC8-4278-9A0B-C3C588301138}.Release|x86.Build.0 = Release|Win32
	EndGlobalSection
	GlobalSection(SolutionProperties) = preSolution
		HideSolutionNode = FALSE
	EndGlobalSection
	GlobalSection(ExtensibilityGlobals) = postSolution
		SolutionGuid = {0BA9DAC1-87A1-4FBE-B089-C1E1EFC0ACBC}
	EndGlobalSection
EndGlobal
